// !$*UTF8*$!
{
	archiveVersion = 1;
	classes = {
	};
	objectVersion = 77;
	objects = {

/* Begin PBXBuildFile section */
		18EC3C3C2F5B541A006704FD /* FirebaseAuth in Frameworks */ = {isa = PBXBuildFile; productRef = 18EC3C3B2F5B541A006704FD /* FirebaseAuth */; };
		18EC3C3E2F5B541A006704FD /* FirebaseFirestore in Frameworks */ = {isa = PBXBuildFile; productRef = 18EC3C3D2F5B541A006704FD /* FirebaseFirestore */; };
/* End PBXBuildFile section */

/* Begin PBXContainerItemProxy section */
		18ABCD152F51D83C00B9B0D5 /* PBXContainerItemProxy */ = {
			isa = PBXContainerItemProxy;
			containerPortal = 18ABCCFF2F51D83A00B9B0D5 /* Project object */;
			proxyType = 1;
			remoteGlobalIDString = 18ABCD062F51D83A00B9B0D5;
			remoteInfo = Movely;
		};
		18ABCD1F2F51D83C00B9B0D5 /* PBXContainerItemProxy */ = {
			isa = PBXContainerItemProxy;
			containerPortal = 18ABCCFF2F51D83A00B9B0D5 /* Project object */;
			proxyType = 1;
			remoteGlobalIDString = 18ABCD062F51D83A00B9B0D5;
			remoteInfo = Movely;
		};
/* End PBXContainerItemProxy section */

/* Begin PBXFileReference section */
		189FD22C2F76C7F20034423E /* Movely.xctestplan */ = {isa = PBXFileReference; lastKnownFileType = text; name = Movely.xctestplan; path = Movely/Movely.xctestplan; sourceTree = "<group>"; };
		18ABCD072F51D83A00B9B0D5 /* Movely.app */ = {isa = PBXFileReference; explicitFileType = wrapper.application; includeInIndex = 0; path = Movely.app; sourceTree = BUILT_PRODUCTS_DIR; };
		18ABCD142F51D83C00B9B0D5 /* MovelyTests.xctest */ = {isa = PBXFileReference; explicitFileType = wrapper.cfbundle; includeInIndex = 0; path = MovelyTests.xctest; sourceTree = BUILT_PRODUCTS_DIR; };
		18ABCD1E2F51D83C00B9B0D5 /* MovelyUITests.xctest */ = {isa = PBXFileReference; explicitFileType = wrapper.cfbundle; includeInIndex = 0; path = MovelyUITests.xctest; sourceTree = BUILT_PRODUCTS_DIR; };
/* End PBXFileReference section */

/* Begin PBXFileSystemSynchronizedRootGroup section */
		18ABCD092F51D83A00B9B0D5 /* Movely */ = {
			isa = PBXFileSystemSynchronizedRootGroup;
			path = Movely;
			sourceTree = "<group>";
		};
		18ABCD172F51D83C00B9B0D5 /* MovelyTests */ = {
			isa = PBXFileSystemSynchronizedRootGroup;
			path = MovelyTests;
			sourceTree = "<group>";
		};
		18ABCD212F51D83C00B9B0D5 /* MovelyUITests */ = {
			isa = PBXFileSystemSynchronizedRootGroup;
			path = MovelyUITests;
			sourceTree = "<group>";
		};
/* End PBXFileSystemSynchronizedRootGroup section */

/* Begin PBXFrameworksBuildPhase section */
		18ABCD042F51D83A00B9B0D5 /* Frameworks */ = {
			isa = PBXFrameworksBuildPhase;
			buildActionMask = 2147483647;
			files = (
				18EC3C3C2F5B541A006704FD /* FirebaseAuth in Frameworks */,
				18EC3C3E2F5B541A006704FD /* FirebaseFirestore in Frameworks */,
			);
			runOnlyForDeploymentPostprocessing = 0;
		};
		18ABCD112F51D83C00B9B0D5 /* Frameworks */ = {
			isa = PBXFrameworksBuildPhase;
			buildActionMask = 2147483647;
			files = (
			);
			runOnlyForDeploymentPostprocessing = 0;
		};
		18ABCD1B2F51D83C00B9B0D5 /* Frameworks */ = {
			isa = PBXFrameworksBuildPhase;
			buildActionMask = 2147483647;
			files = (
			);
			runOnlyForDeploymentPostprocessing = 0;
		};
/* End PBXFrameworksBuildPhase section */

/* Begin PBXGroup section */
		18ABCCFE2F51D83A00B9B0D5 = {
			isa = PBXGroup;
			children = (
				189FD22C2F76C7F20034423E /* Movely.xctestplan */,
				18ABCD092F51D83A00B9B0D5 /* Movely */,
				18ABCD172F51D83C00B9B0D5 /* MovelyTests */,
				18ABCD212F51D83C00B9B0D5 /* MovelyUITests */,
				18ABCD082F51D83A00B9B0D5 /* Products */,
			);
			sourceTree = "<group>";
		};
		18ABCD082F51D83A00B9B0D5 /* Products */ = {
			isa = PBXGroup;
			children = (
				18ABCD072F51D83A00B9B0D5 /* Movely.app */,
				18ABCD142F51D83C00B9B0D5 /* MovelyTests.xctest */,
				18ABCD1E2F51D83C00B9B0D5 /* MovelyUITests.xctest */,
			);
			name = Products;
			sourceTree = "<group>";
		};
/* End PBXGroup section */

/* Begin PBXNativeTarget section */
		18ABCD062F51D83A00B9B0D5 /* Movely */ = {
			isa = PBXNativeTarget;
			buildConfigurationList = 18ABCD282F51D83C00B9B0D5 /* Build configuration list for PBXNativeTarget "Movely" */;
			buildPhases = (
				18ABCD032F51D83A00B9B0D5 /* Sources */,
				18ABCD042F51D83A00B9B0D5 /* Frameworks */,
				18ABCD052F51D83A00B9B0D5 /* Resources */,
				18ABCD392F51DD0400B9B0D5 /* SwiftLint */,
			);
			buildRules = (
			);
			dependencies = (
			);
			fileSystemSynchronizedGroups = (
				18ABCD092F51D83A00B9B0D5 /* Movely */,
			);
			name = Movely;
			packageProductDependencies = (
				18EC3C3B2F5B541A006704FD /* FirebaseAuth */,
				18EC3C3D2F5B541A006704FD /* FirebaseFirestore */,
			);
			productName = Movely;
			productReference = 18ABCD072F51D83A00B9B0D5 /* Movely.app */;
			productType = "com.apple.product-type.application";
		};
		18ABCD132F51D83C00B9B0D5 /* MovelyTests */ = {
			isa = PBXNativeTarget;
			buildConfigurationList = 18ABCD2B2F51D83C00B9B0D5 /* Build configuration list for PBXNativeTarget "MovelyTests" */;
			buildPhases = (
				18ABCD102F51D83C00B9B0D5 /* Sources */,
				18ABCD112F51D83C00B9B0D5 /* Frameworks */,
				18ABCD122F51D83C00B9B0D5 /* Resources */,
			);
			buildRules = (
			);
			dependencies = (
				18ABCD162F51D83C00B9B0D5 /* PBXTargetDependency */,
			);
			fileSystemSynchronizedGroups = (
				18ABCD172F51D83C00B9B0D5 /* MovelyTests */,
			);
			name = MovelyTests;
			packageProductDependencies = (
			);
			productName = MovelyTests;
			productReference = 18ABCD142F51D83C00B9B0D5 /* MovelyTests.xctest */;
			productType = "com.apple.product-type.bundle.unit-test";
		};
		18ABCD1D2F51D83C00B9B0D5 /* MovelyUITests */ = {
			isa = PBXNativeTarget;
			buildConfigurationList = 18ABCD2E2F51D83C00B9B0D5 /* Build configuration list for PBXNativeTarget "MovelyUITests" */;
			buildPhases = (
				18ABCD1A2F51D83C00B9B0D5 /* Sources */,
				18ABCD1B2F51D83C00B9B0D5 /* Frameworks */,
				18ABCD1C2F51D83C00B9B0D5 /* Resources */,
			);
			buildRules = (
			);
			dependencies = (
				18ABCD202F51D83C00B9B0D5 /* PBXTargetDependency */,
			);
			fileSystemSynchronizedGroups = (
				18ABCD212F51D83C00B9B0D5 /* MovelyUITests */,
			);
			name = MovelyUITests;
			packageProductDependencies = (
			);
			productName = MovelyUITests;
			productReference = 18ABCD1E2F51D83C00B9B0D5 /* MovelyUITests.xctest */;
			productType = "com.apple.product-type.bundle.ui-testing";
		};
/* End PBXNativeTarget section */

/* Begin PBXProject section */
		18ABCCFF2F51D83A00B9B0D5 /* Project object */ = {
			isa = PBXProject;
			attributes = {
				BuildIndependentTargetsInParallel = 1;
				LastSwiftUpdateCheck = 2620;
				LastUpgradeCheck = 2620;
				TargetAttributes = {
					18ABCD062F51D83A00B9B0D5 = {
						CreatedOnToolsVersion = 26.2;
					};
					18ABCD132F51D83C00B9B0D5 = {
						CreatedOnToolsVersion = 26.2;
						TestTargetID = 18ABCD062F51D83A00B9B0D5;
					};
					18ABCD1D2F51D83C00B9B0D5 = {
						CreatedOnToolsVersion = 26.2;
						TestTargetID = 18ABCD062F51D83A00B9B0D5;
					};
				};
			};
			buildConfigurationList = 18ABCD022F51D83A00B9B0D5 /* Build configuration list for PBXProject "Movely" */;
			developmentRegion = en;
			hasScannedForEncodings = 0;
			knownRegions = (
				en,
				Base,
			);
			mainGroup = 18ABCCFE2F51D83A00B9B0D5;
			minimizedProjectReferenceProxies = 1;
			packageReferences = (
				18ABCD362F51DC2C00B9B0D5 /* XCRemoteSwiftPackageReference "SwiftLint" */,
				18EC3C3A2F5B541A006704FD /* XCRemoteSwiftPackageReference "firebase-ios-sdk" */,
			);
			preferredProjectObjectVersion = 77;
			productRefGroup = 18ABCD082F51D83A00B9B0D5 /* Products */;
			projectDirPath = "";
			projectRoot = "";
			targets = (
				18ABCD062F51D83A00B9B0D5 /* Movely */,
				18ABCD132F51D83C00B9B0D5 /* MovelyTests */,
				18ABCD1D2F51D83C00B9B0D5 /* MovelyUITests */,
			);
		};
/* End PBXProject section */

/* Begin PBXResourcesBuildPhase section */
		18ABCD052F51D83A00B9B0D5 /* Resources */ = {
			isa = PBXResourcesBuildPhase;
			buildActionMask = 2147483647;
			files = (
			);
			runOnlyForDeploymentPostprocessing = 0;
		};
		18ABCD122F51D83C00B9B0D5 /* Resources */ = {
			isa = PBXResourcesBuildPhase;
			buildActionMask = 2147483647;
			files = (
			);
			runOnlyForDeploymentPostprocessing = 0;
		};
		18ABCD1C2F51D83C00B9B0D5 /* Resources */ = {
			isa = PBXResourcesBuildPhase;
			buildActionMask = 2147483647;
			files = (
			);
			runOnlyForDeploymentPostprocessing = 0;
		};
/* End PBXResourcesBuildPhase section */

/* Begin PBXShellScriptBuildPhase section */
		18ABCD392F51DD0400B9B0D5 /* SwiftLint */ = {
			isa = PBXShellScriptBuildPhase;
			alwaysOutOfDate = 1;
			buildActionMask = 2147483647;
			files = (
			);
			inputFileListPaths = (
			);
			inputPaths = (
			);
			name = SwiftLint;
			outputFileListPaths = (
			);
			outputPaths = (
			);
			runOnlyForDeploymentPostprocessing = 0;
			shellPath = /bin/sh;
			shellScript = "if test -d \"${BUILD_DIR%Build/*}SourcePackages/checkouts/SwiftLint/.build/release/swiftlint\"; then\n  \"${BUILD_DIR%Build/*}SourcePackages/checkouts/SwiftLint/.build/release/swiftlint\" \\\n    --config \"${SRCROOT}/.swiftlint.yml\"\nelif which swiftlint > /dev/null; then\n  swiftlint lint\nelse\n  echo \"warning: SwiftLint not installed\"\nfi\n";
		};
/* End PBXShellScriptBuildPhase section */

/* Begin PBXSourcesBuildPhase section */
		18ABCD032F51D83A00B9B0D5 /* Sources */ = {
			isa = PBXSourcesBuildPhase;
			buildActionMask = 2147483647;
			files = (
			);
			runOnlyForDeploymentPostprocessing = 0;
		};
		18ABCD102F51D83C00B9B0D5 /* Sources */ = {
			isa = PBXSourcesBuildPhase;
			buildActionMask = 2147483647;
			files = (
			);
			runOnlyForDeploymentPostprocessing = 0;
		};
		18ABCD1A2F51D83C00B9B0D5 /* Sources */ = {
			isa = PBXSourcesBuildPhase;
			buildActionMask = 2147483647;
			files = (
			);
			runOnlyForDeploymentPostprocessing = 0;
		};
/* End PBXSourcesBuildPhase section */

/* Begin PBXTargetDependency section */
		18ABCD162F51D83C00B9B0D5 /* PBXTargetDependency */ = {
			isa = PBXTargetDependency;
			target = 18ABCD062F51D83A00B9B0D5 /* Movely */;
			targetProxy = 18ABCD152F51D83C00B9B0D5 /* PBXContainerItemProxy */;
		};
		18ABCD202F51D83C00B9B0D5 /* PBXTargetDependency */ = {
			isa = PBXTargetDependency;
			target = 18ABCD062F51D83A00B9B0D5 /* Movely */;
			targetProxy = 18ABCD1F2F51D83C00B9B0D5 /* PBXContainerItemProxy */;
		};
/* End PBXTargetDependency section */

/* Begin XCBuildConfiguration section */
		18ABCD262F51D83C00B9B0D5 /* Debug */ = {
			isa = XCBuildConfiguration;
			buildSettings = {
				ALWAYS_SEARCH_USER_PATHS = NO;
				ASSETCATALOG_COMPILER_GENERATE_SWIFT_ASSET_SYMBOL_EXTENSIONS = YES;
				CLANG_ANALYZER_NONNULL = YES;
				CLANG_ANALYZER_NUMBER_OBJECT_CONVERSION = YES_AGGRESSIVE;
				CLANG_CXX_LANGUAGE_STANDARD = "gnu++20";
				CLANG_ENABLE_MODULES = YES;
				CLANG_ENABLE_OBJC_ARC = YES;
				CLANG_ENABLE_OBJC_WEAK = YES;
				CLANG_WARN_BLOCK_CAPTURE_AUTORELEASING = YES;
				CLANG_WARN_BOOL_CONVERSION = YES;
				CLANG_WARN_COMMA = YES;
				CLANG_WARN_CONSTANT_CONVERSION = YES;
				CLANG_WARN_DEPRECATED_OBJC_IMPLEMENTATIONS = YES;
				CLANG_WARN_DIRECT_OBJC_ISA_USAGE = YES_ERROR;
				CLANG_WARN_DOCUMENTATION_COMMENTS = YES;
				CLANG_WARN_EMPTY_BODY = YES;
				CLANG_WARN_ENUM_CONVERSION = YES;
				CLANG_WARN_INFINITE_RECURSION = YES;
				CLANG_WARN_INT_CONVERSION = YES;
				CLANG_WARN_NON_LITERAL_NULL_CONVERSION = YES;
				CLANG_WARN_OBJC_IMPLICIT_RETAIN_SELF = YES;
				CLANG_WARN_OBJC_LITERAL_CONVERSION = YES;
				CLANG_WARN_OBJC_ROOT_CLASS = YES_ERROR;
				CLANG_WARN_QUOTED_INCLUDE_IN_FRAMEWORK_HEADER = YES;
				CLANG_WARN_RANGE_LOOP_ANALYSIS = YES;
				CLANG_WARN_STRICT_PROTOTYPES = YES;
				CLANG_WARN_SUSPICIOUS_MOVE = YES;
				CLANG_WARN_UNGUARDED_AVAILABILITY = YES_AGGRESSIVE;
				CLANG_WARN_UNREACHABLE_CODE = YES;
				CLANG_WARN__DUPLICATE_METHOD_MATCH = YES;
				COPY_PHASE_STRIP = NO;
				DEBUG_INFORMATION_FORMAT = dwarf;
				DEVELOPMENT_TEAM = 8MF89G73K4;
				ENABLE_STRICT_OBJC_MSGSEND = YES;
				ENABLE_TESTABILITY = YES;
				ENABLE_USER_SCRIPT_SANDBOXING = NO;
				GCC_C_LANGUAGE_STANDARD = gnu17;
				GCC_DYNAMIC_NO_PIC = NO;
				GCC_NO_COMMON_BLOCKS = YES;
				GCC_OPTIMIZATION_LEVEL = 0;
				GCC_PREPROCESSOR_DEFINITIONS = (
					"DEBUG=1",
					"$(inherited)",
				);
				GCC_WARN_64_TO_32_BIT_CONVERSION = YES;
				GCC_WARN_ABOUT_RETURN_TYPE = YES_ERROR;
				GCC_WARN_UNDECLARED_SELECTOR = YES;
				GCC_WARN_UNINITIALIZED_AUTOS = YES_AGGRESSIVE;
				GCC_WARN_UNUSED_FUNCTION = YES;
				GCC_WARN_UNUSED_VARIABLE = YES;
				IPHONEOS_DEPLOYMENT_TARGET = 26.2;
				LOCALIZATION_PREFERS_STRING_CATALOGS = YES;
				MTL_ENABLE_DEBUG_INFO = INCLUDE_SOURCE;
				MTL_FAST_MATH = YES;
				ONLY_ACTIVE_ARCH = YES;
				SDKROOT = iphoneos;
				SWIFT_ACTIVE_COMPILATION_CONDITIONS = "DEBUG $(inherited)";
				SWIFT_OPTIMIZATION_LEVEL = "-Onone";
			};
			name = Debug;
		};
		18ABCD272F51D83C00B9B0D5 /* Release */ = {
			isa = XCBuildConfiguration;
			buildSettings = {
				ALWAYS_SEARCH_USER_PATHS = NO;
				ASSETCATALOG_COMPILER_GENERATE_SWIFT_ASSET_SYMBOL_EXTENSIONS = YES;
				CLANG_ANALYZER_NONNULL = YES;
				CLANG_ANALYZER_NUMBER_OBJECT_CONVERSION = YES_AGGRESSIVE;
				CLANG_CXX_LANGUAGE_STANDARD = "gnu++20";
				CLANG_ENABLE_MODULES = YES;
				CLANG_ENABLE_OBJC_ARC = YES;
				CLANG_ENABLE_OBJC_WEAK = YES;
				CLANG_WARN_BLOCK_CAPTURE_AUTORELEASING = YES;
				CLANG_WARN_BOOL_CONVERSION = YES;
				CLANG_WARN_COMMA = YES;
				CLANG_WARN_CONSTANT_CONVERSION = YES;
				CLANG_WARN_DEPRECATED_OBJC_IMPLEMENTATIONS = YES;
				CLANG_WARN_DIRECT_OBJC_ISA_USAGE = YES_ERROR;
				CLANG_WARN_DOCUMENTATION_COMMENTS = YES;
				CLANG_WARN_EMPTY_BODY = YES;
				CLANG_WARN_ENUM_CONVERSION = YES;
				CLANG_WARN_INFINITE_RECURSION = YES;
				CLANG_WARN_INT_CONVERSION = YES;
				CLANG_WARN_NON_LITERAL_NULL_CONVERSION = YES;
				CLANG_WARN_OBJC_IMPLICIT_RETAIN_SELF = YES;
				CLANG_WARN_OBJC_LITERAL_CONVERSION = YES;
				CLANG_WARN_OBJC_ROOT_CLASS = YES_ERROR;
				CLANG_WARN_QUOTED_INCLUDE_IN_FRAMEWORK_HEADER = YES;
				CLANG_WARN_RANGE_LOOP_ANALYSIS = YES;
				CLANG_WARN_STRICT_PROTOTYPES = YES;
				CLANG_WARN_SUSPICIOUS_MOVE = YES;
				CLANG_WARN_UNGUARDED_AVAILABILITY = YES_AGGRESSIVE;
				CLANG_WARN_UNREACHABLE_CODE = YES;
				CLANG_WARN__DUPLICATE_METHOD_MATCH = YES;
				COPY_PHASE_STRIP = NO;
				DEBUG_INFORMATION_FORMAT = "dwarf-with-dsym";
				DEVELOPMENT_TEAM = 8MF89G73K4;
				ENABLE_NS_ASSERTIONS = NO;
				ENABLE_STRICT_OBJC_MSGSEND = YES;
				ENABLE_USER_SCRIPT_SANDBOXING = NO;
				GCC_C_LANGUAGE_STANDARD = gnu17;
				GCC_NO_COMMON_BLOCKS = YES;
				GCC_WARN_64_TO_32_BIT_CONVERSION = YES;
				GCC_WARN_ABOUT_RETURN_TYPE = YES_ERROR;
				GCC_WARN_UNDECLARED_SELECTOR = YES;
				GCC_WARN_UNINITIALIZED_AUTOS = YES_AGGRESSIVE;
				GCC_WARN_UNUSED_FUNCTION = YES;
				GCC_WARN_UNUSED_VARIABLE = YES;
				IPHONEOS_DEPLOYMENT_TARGET = 26.2;
				LOCALIZATION_PREFERS_STRING_CATALOGS = YES;
				MTL_ENABLE_DEBUG_INFO = NO;
				MTL_FAST_MATH = YES;
				SDKROOT = iphoneos;
				SWIFT_COMPILATION_MODE = wholemodule;
				VALIDATE_PRODUCT = YES;
			};
			name = Release;
		};
		18ABCD292F51D83C00B9B0D5 /* Debug */ = {
			isa = XCBuildConfiguration;
			buildSettings = {
				ASSETCATALOG_COMPILER_APPICON_NAME = AppIcon;
				ASSETCATALOG_COMPILER_GLOBAL_ACCENT_COLOR_NAME = AccentColor;
				CODE_SIGN_STYLE = Automatic;
				CURRENT_PROJECT_VERSION = 1;
				DEVELOPMENT_TEAM = 8MF89G73K4;
				ENABLE_PREVIEWS = YES;
				GENERATE_INFOPLIST_FILE = YES;
				INFOPLIST_KEY_UIApplicationSceneManifest_Generation = YES;
				INFOPLIST_KEY_UIApplicationSupportsIndirectInputEvents = YES;
				INFOPLIST_KEY_UILaunchScreen_Generation = YES;
				INFOPLIST_KEY_UISupportedInterfaceOrientations_iPad = "UIInterfaceOrientationPortrait UIInterfaceOrientationPortraitUpsideDown UIInterfaceOrientationLandscapeLeft UIInterfaceOrientationLandscapeRight";
				INFOPLIST_KEY_UISupportedInterfaceOrientations_iPhone = "UIInterfaceOrientationPortrait UIInterfaceOrientationLandscapeLeft UIInterfaceOrientationLandscapeRight";
				LD_RUNPATH_SEARCH_PATHS = (
					"$(inherited)",
					"@executable_path/Frameworks",
				);
				MARKETING_VERSION = 1.0;
				PRODUCT_BUNDLE_IDENTIFIER = com.movely.Movely;
				PRODUCT_NAME = "$(TARGET_NAME)";
				STRING_CATALOG_GENERATE_SYMBOLS = YES;
				SWIFT_APPROACHABLE_CONCURRENCY = YES;
				SWIFT_DEFAULT_ACTOR_ISOLATION = MainActor;
				SWIFT_EMIT_LOC_STRINGS = YES;
				SWIFT_UPCOMING_FEATURE_MEMBER_IMPORT_VISIBILITY = YES;
				SWIFT_VERSION = 5.0;
				TARGETED_DEVICE_FAMILY = "1,2";
			};
			name = Debug;
		};
		18ABCD2A2F51D83C00B9B0D5 /* Release */ = {
			isa = XCBuildConfiguration;
			buildSettings = {
				ASSETCATALOG_COMPILER_APPICON_NAME = AppIcon;
				ASSETCATALOG_COMPILER_GLOBAL_ACCENT_COLOR_NAME = AccentColor;
				CODE_SIGN_STYLE = Automatic;
				CURRENT_PROJECT_VERSION = 1;
				DEVELOPMENT_TEAM = 8MF89G73K4;
				ENABLE_PREVIEWS = YES;
				GENERATE_INFOPLIST_FILE = YES;
				INFOPLIST_KEY_UIApplicationSceneManifest_Generation = YES;
				INFOPLIST_KEY_UIApplicationSupportsIndirectInputEvents = YES;
				INFOPLIST_KEY_UILaunchScreen_Generation = YES;
				INFOPLIST_KEY_UISupportedInterfaceOrientations_iPad = "UIInterfaceOrientationPortrait UIInterfaceOrientationPortraitUpsideDown UIInterfaceOrientationLandscapeLeft UIInterfaceOrientationLandscapeRight";
				INFOPLIST_KEY_UISupportedInterfaceOrientations_iPhone = "UIInterfaceOrientationPortrait UIInterfaceOrientationLandscapeLeft UIInterfaceOrientationLandscapeRight";
				LD_RUNPATH_SEARCH_PATHS = (
					"$(inherited)",
					"@executable_path/Frameworks",
				);
				MARKETING_VERSION = 1.0;
				PRODUCT_BUNDLE_IDENTIFIER = com.movely.Movely;
				PRODUCT_NAME = "$(TARGET_NAME)";
				STRING_CATALOG_GENERATE_SYMBOLS = YES;
				SWIFT_APPROACHABLE_CONCURRENCY = YES;
				SWIFT_DEFAULT_ACTOR_ISOLATION = MainActor;
				SWIFT_EMIT_LOC_STRINGS = YES;
				SWIFT_UPCOMING_FEATURE_MEMBER_IMPORT_VISIBILITY = YES;
				SWIFT_VERSION = 5.0;
				TARGETED_DEVICE_FAMILY = "1,2";
			};
			name = Release;
		};
		18ABCD2C2F51D83C00B9B0D5 /* Debug */ = {
			isa = XCBuildConfiguration;
			buildSettings = {
				BUNDLE_LOADER = "$(TEST_HOST)";
				CODE_SIGN_STYLE = Automatic;
				CURRENT_PROJECT_VERSION = 1;
				DEVELOPMENT_TEAM = 8MF89G73K4;
				GENERATE_INFOPLIST_FILE = YES;
				IPHONEOS_DEPLOYMENT_TARGET = 26.2;
				MARKETING_VERSION = 1.0;
				PRODUCT_BUNDLE_IDENTIFIER = com.movely.MovelyTests;
				PRODUCT_NAME = "$(TARGET_NAME)";
				STRING_CATALOG_GENERATE_SYMBOLS = NO;
				SWIFT_APPROACHABLE_CONCURRENCY = YES;
				SWIFT_EMIT_LOC_STRINGS = NO;
				SWIFT_UPCOMING_FEATURE_MEMBER_IMPORT_VISIBILITY = YES;
				SWIFT_VERSION = 5.0;
				TARGETED_DEVICE_FAMILY = "1,2";
				TEST_HOST = "$(BUILT_PRODUCTS_DIR)/Movely.app/$(BUNDLE_EXECUTABLE_FOLDER_PATH)/Movely";
			};
			name = Debug;
		};
		18ABCD2D2F51D83C00B9B0D5 /* Release */ = {
			isa = XCBuildConfiguration;
			buildSettings = {
				BUNDLE_LOADER = "$(TEST_HOST)";
				CODE_SIGN_STYLE = Automatic;
				CURRENT_PROJECT_VERSION = 1;
				DEVELOPMENT_TEAM = 8MF89G73K4;
				GENERATE_INFOPLIST_FILE = YES;
				IPHONEOS_DEPLOYMENT_TARGET = 26.2;
				MARKETING_VERSION = 1.0;
				PRODUCT_BUNDLE_IDENTIFIER = com.movely.MovelyTests;
				PRODUCT_NAME = "$(TARGET_NAME)";
				STRING_CATALOG_GENERATE_SYMBOLS = NO;
				SWIFT_APPROACHABLE_CONCURRENCY = YES;
				SWIFT_EMIT_LOC_STRINGS = NO;
				SWIFT_UPCOMING_FEATURE_MEMBER_IMPORT_VISIBILITY = YES;
				SWIFT_VERSION = 5.0;
				TARGETED_DEVICE_FAMILY = "1,2";
				TEST_HOST = "$(BUILT_PRODUCTS_DIR)/Movely.app/$(BUNDLE_EXECUTABLE_FOLDER_PATH)/Movely";
			};
			name = Release;
		};
		18ABCD2F2F51D83C00B9B0D5 /* Debug */ = {
			isa = XCBuildConfiguration;
			buildSettings = {
				CODE_SIGN_STYLE = Automatic;
				CURRENT_PROJECT_VERSION = 1;
				DEVELOPMENT_TEAM = 8MF89G73K4;
				GENERATE_INFOPLIST_FILE = YES;
				MARKETING_VERSION = 1.0;
				PRODUCT_BUNDLE_IDENTIFIER = com.movely.MovelyUITests;
				PRODUCT_NAME = "$(TARGET_NAME)";
				STRING_CATALOG_GENERATE_SYMBOLS = NO;
				SWIFT_APPROACHABLE_CONCURRENCY = YES;
				SWIFT_EMIT_LOC_STRINGS = NO;
				SWIFT_UPCOMING_FEATURE_MEMBER_IMPORT_VISIBILITY = YES;
				SWIFT_VERSION = 5.0;
				TARGETED_DEVICE_FAMILY = "1,2";
				TEST_TARGET_NAME = Movely;
			};
			name = Debug;
		};
		18ABCD302F51D83C00B9B0D5 /* Release */ = {
			isa = XCBuildConfiguration;
			buildSettings = {
				CODE_SIGN_STYLE = Automatic;
				CURRENT_PROJECT_VERSION = 1;
				DEVELOPMENT_TEAM = 8MF89G73K4;
				GENERATE_INFOPLIST_FILE = YES;
				MARKETING_VERSION = 1.0;
				PRODUCT_BUNDLE_IDENTIFIER = com.movely.MovelyUITests;
				PRODUCT_NAME = "$(TARGET_NAME)";
				STRING_CATALOG_GENERATE_SYMBOLS = NO;
				SWIFT_APPROACHABLE_CONCURRENCY = YES;
				SWIFT_EMIT_LOC_STRINGS = NO;
				SWIFT_UPCOMING_FEATURE_MEMBER_IMPORT_VISIBILITY = YES;
				SWIFT_VERSION = 5.0;
				TARGETED_DEVICE_FAMILY = "1,2";
				TEST_TARGET_NAME = Movely;
			};
			name = Release;
		};
/* End XCBuildConfiguration section */

/* Begin XCConfigurationList section */
		18ABCD022F51D83A00B9B0D5 /* Build configuration list for PBXProject "Movely" */ = {
			isa = XCConfigurationList;
			buildConfigurations = (
				18ABCD262F51D83C00B9B0D5 /* Debug */,
				18ABCD272F51D83C00B9B0D5 /* Release */,
			);
			defaultConfigurationIsVisible = 0;
			defaultConfigurationName = Release;
		};
		18ABCD282F51D83C00B9B0D5 /* Build configuration list for PBXNativeTarget "Movely" */ = {
			isa = XCConfigurationList;
			buildConfigurations = (
				18ABCD292F51D83C00B9B0D5 /* Debug */,
				18ABCD2A2F51D83C00B9B0D5 /* Release */,
			);
			defaultConfigurationIsVisible = 0;
			defaultConfigurationName = Release;
		};
		18ABCD2B2F51D83C00B9B0D5 /* Build configuration list for PBXNativeTarget "MovelyTests" */ = {
			isa = XCConfigurationList;
			buildConfigurations = (
				18ABCD2C2F51D83C00B9B0D5 /* Debug */,
				18ABCD2D2F51D83C00B9B0D5 /* Release */,
			);
			defaultConfigurationIsVisible = 0;
			defaultConfigurationName = Release;
		};
		18ABCD2E2F51D83C00B9B0D5 /* Build configuration list for PBXNativeTarget "MovelyUITests" */ = {
			isa = XCConfigurationList;
			buildConfigurations = (
				18ABCD2F2F51D83C00B9B0D5 /* Debug */,
				18ABCD302F51D83C00B9B0D5 /* Release */,
			);
			defaultConfigurationIsVisible = 0;
			defaultConfigurationName = Release;
		};
/* End XCConfigurationList section */

/* Begin XCRemoteSwiftPackageReference section */
		18ABCD362F51DC2C00B9B0D5 /* XCRemoteSwiftPackageReference "SwiftLint" */ = {
			isa = XCRemoteSwiftPackageReference;
			repositoryURL = "https://github.com/realm/SwiftLint";
			requirement = {
				kind = upToNextMajorVersion;
				minimumVersion = 0.63.2;
			};
		};
		18EC3C3A2F5B541A006704FD /* XCRemoteSwiftPackageReference "firebase-ios-sdk" */ = {
			isa = XCRemoteSwiftPackageReference;
			repositoryURL = "https://github.com/firebase/firebase-ios-sdk";
			requirement = {
				kind = upToNextMajorVersion;
				minimumVersion = 12.10.0;
			};
		};
/* End XCRemoteSwiftPackageReference section */

/* Begin XCSwiftPackageProductDependency section */
		18EC3C3B2F5B541A006704FD /* FirebaseAuth */ = {
			isa = XCSwiftPackageProductDependency;
			package = 18EC3C3A2F5B541A006704FD /* XCRemoteSwiftPackageReference "firebase-ios-sdk" */;
			productName = FirebaseAuth;
		};
		18EC3C3D2F5B541A006704FD /* FirebaseFirestore */ = {
			isa = XCSwiftPackageProductDependency;
			package = 18EC3C3A2F5B541A006704FD /* XCRemoteSwiftPackageReference "firebase-ios-sdk" */;
			productName = FirebaseFirestore;
		};
/* End XCSwiftPackageProductDependency section */
	};
	rootObject = 18ABCCFF2F51D83A00B9B0D5 /* Project object */;
}
